
Microsoft Visual Studio Solution File, Format Version 12.00
# Visual Studio Version 17
VisualStudioVersion = 17.3.32929.385
MinimumVisualStudioVersion = 10.0.40219.1
Project("{FAE04EC0-301F-11D3-BF4B-00C04F79EFBC}") = "9.hafta", "9.hafta.csproj", "{52A8564E-77DA-48BF-917A-39092963636D}"
EndProject
Global
	GlobalSection(SolutionConfigurationPlatforms) = preSolution
		Debug|Any CPU = Debug|Any CPU
		Release|Any CPU = Release|Any CPU
	EndGlobalSection
	GlobalSection(ProjectConfigurationPlatforms) = postSolution
		{52A8564E-77DA-48BF-917A-39092963636D}.Debug|Any CPU.ActiveCfg = Debug|Any CPU
		{52A8564E-77DA-48BF-917A-39092963636D}.Debug|Any CPU.Build.0 = Debug|Any CPU
		{52A8564E-77DA-48BF-917A-39092963636D}.Release|Any CPU.ActiveCfg = Release|Any CPU
		{52A8564E-77DA-48BF-917A-39092963636D}.Release|Any CPU.Build.0 = Release|Any CPU
	EndGlobalSection
	GlobalSection(SolutionProperties) = preSolution
		HideSolutionNode = FALSE
	EndGlobalSection
	GlobalSection(ExtensibilityGlobals) = postSolution
		SolutionGuid = {182EE96B-E7B0-4083-873D-D19FBE1DDBC8}
	EndGlobalSection
EndGlobal
