
Microsoft Visual Studio Solution File, Format Version 12.00
# Visual Studio Version 17
VisualStudioVersion = 17.3.32929.385
MinimumVisualStudioVersion = 10.0.40219.1
Project("{FAE04EC0-301F-11D3-BF4B-00C04F79EFBC}") = "3.hafta", "3.hafta.csproj", "{C19F58D8-20EF-4C62-BAC7-EBFAC0161CAF}"
EndProject
Global
	GlobalSection(SolutionConfigurationPlatforms) = preSolution
		Debug|Any CPU = Debug|Any CPU
		Release|Any CPU = Release|Any CPU
	EndGlobalSection
	GlobalSection(ProjectConfigurationPlatforms) = postSolution
		{C19F58D8-20EF-4C62-BAC7-EBFAC0161CAF}.Debug|Any CPU.ActiveCfg = Debug|Any CPU
		{C19F58D8-20EF-4C62-BAC7-EBFAC0161CAF}.Debug|Any CPU.Build.0 = Debug|Any CPU
		{C19F58D8-20EF-4C62-BAC7-EBFAC0161CAF}.Release|Any CPU.ActiveCfg = Release|Any CPU
		{C19F58D8-20EF-4C62-BAC7-EBFAC0161CAF}.Release|Any CPU.Build.0 = Release|Any CPU
	EndGlobalSection
	GlobalSection(SolutionProperties) = preSolution
		HideSolutionNode = FALSE
	EndGlobalSection
	GlobalSection(ExtensibilityGlobals) = postSolution
		SolutionGuid = {6D3034E4-E9CA-465A-B213-84432F94EEC0}
	EndGlobalSection
EndGlobal
