
Microsoft Visual Studio Solution File, Format Version 12.00
# Visual Studio Version 17
VisualStudioVersion = 17.3.32929.385
MinimumVisualStudioVersion = 10.0.40219.1
Project("{FAE04EC0-301F-11D3-BF4B-00C04F79EFBC}") = "10.hafta", "10.hafta.csproj", "{0411656D-38B9-4F74-9EE5-F79A210AD190}"
EndProject
Global
	GlobalSection(SolutionConfigurationPlatforms) = preSolution
		Debug|Any CPU = Debug|Any CPU
		Release|Any CPU = Release|Any CPU
	EndGlobalSection
	GlobalSection(ProjectConfigurationPlatforms) = postSolution
		{0411656D-38B9-4F74-9EE5-F79A210AD190}.Debug|Any CPU.ActiveCfg = Debug|Any CPU
		{0411656D-38B9-4F74-9EE5-F79A210AD190}.Debug|Any CPU.Build.0 = Debug|Any CPU
		{0411656D-38B9-4F74-9EE5-F79A210AD190}.Release|Any CPU.ActiveCfg = Release|Any CPU
		{0411656D-38B9-4F74-9EE5-F79A210AD190}.Release|Any CPU.Build.0 = Release|Any CPU
	EndGlobalSection
	GlobalSection(SolutionProperties) = preSolution
		HideSolutionNode = FALSE
	EndGlobalSection
	GlobalSection(ExtensibilityGlobals) = postSolution
		SolutionGuid = {0429B2CA-003D-4B3F-972B-7E3FED25BF24}
	EndGlobalSection
EndGlobal
